
Microsoft Visual Studio Solution File, Format Version 11.00
# Visual Studio 2010
Project("{FAE04EC0-301F-11D3-BF4B-00C04F79EFBC}") = "Com.Hertkorn.SetPowerScheme", "Com.Hertkorn.SetPowerScheme\Com.Hertkorn.SetPowerScheme.csproj", "{67CEC1D5-3446-4D74-8633-9CE67E4525C2}"
EndProject
Global
	GlobalSection(SolutionConfigurationPlatforms) = preSolution
		Debug|x86 = Debug|x86
		Release|x86 = Release|x86
	EndGlobalSection
	GlobalSection(ProjectConfigurationPlatforms) = postSolution
		{67CEC1D5-3446-4D74-8633-9CE67E4525C2}.Debug|x86.ActiveCfg = Debug|x86
		{67CEC1D5-3446-4D74-8633-9CE67E4525C2}.Debug|x86.Build.0 = Debug|x86
		{67CEC1D5-3446-4D74-8633-9CE67E4525C2}.Release|x86.ActiveCfg = Release|x86
		{67CEC1D5-3446-4D74-8633-9CE67E4525C2}.Release|x86.Build.0 = Release|x86
	EndGlobalSection
	GlobalSection(SolutionProperties) = preSolution
		HideSolutionNode = FALSE
	EndGlobalSection
EndGlobal
